
Microsoft Visual Studio Solution File, Format Version 12.00
# Visual Studio Version 17
VisualStudioVersion = 17.13.35806.99 d17.13
MinimumVisualStudioVersion = 10.0.40219.1
Project("{FAE04EC0-301F-11D3-BF4B-00C04F79EFBC}") = "OrderApp", "OrderApp.csproj", "{2CAD8566-ADD5-4ADE-A8AD-31BAF5B9D414}"
EndProject
Global
	GlobalSection(SolutionConfigurationPlatforms) = preSolution
		Debug|Any CPU = Debug|Any CPU
		Release|Any CPU = Release|Any CPU
	EndGlobalSection
	GlobalSection(ProjectConfigurationPlatforms) = postSolution
		{2CAD8566-ADD5-4ADE-A8AD-31BAF5B9D414}.Debug|Any CPU.ActiveCfg = Debug|Any CPU
		{2CAD8566-ADD5-4ADE-A8AD-31BAF5B9D414}.Debug|Any CPU.Build.0 = Debug|Any CPU
		{2CAD8566-ADD5-4ADE-A8AD-31BAF5B9D414}.Release|Any CPU.ActiveCfg = Release|Any CPU
		{2CAD8566-ADD5-4ADE-A8AD-31BAF5B9D414}.Release|Any CPU.Build.0 = Release|Any CPU
	EndGlobalSection
	GlobalSection(SolutionProperties) = preSolution
		HideSolutionNode = FALSE
	EndGlobalSection
	GlobalSection(ExtensibilityGlobals) = postSolution
		SolutionGuid = {4BB40A98-EBD7-442A-95F5-0E936539BCA0}
	EndGlobalSection
EndGlobal
